// !$*UTF8*$!
{
	archiveVersion = 1;
	classes = {
	};
	objectVersion = 55;
	objects = {

/* Begin PBXBuildFile section */
		7E076EF92739F7DA00E85251 /* Auth0.plist in Resources */ = {isa = PBXBuildFile; fileRef = 7E076EF82739F67D00E85251 /* Auth0.plist */; };
		7EA9B4B32739E29300DA2408 /* Auth0 in Frameworks */ = {isa = PBXBuildFile; productRef = 7EA9B4B22739E29300DA2408 /* Auth0 */; };
		7EA9B4B72739E32600DA2408 /* LoginView.swift in Sources */ = {isa = PBXBuildFile; fileRef = 7EA9B4B62739E32600DA2408 /* LoginView.swift */; };
		7EAAFFD32739DD7600F3ADF2 /* Tests_iOS.swift in Sources */ = {isa = PBXBuildFile; fileRef = 7EAAFFD22739DD7600F3ADF2 /* Tests_iOS.swift */; };
		7EAAFFD52739DD7600F3ADF2 /* Tests_iOSLaunchTests.swift in Sources */ = {isa = PBXBuildFile; fileRef = 7EAAFFD42739DD7600F3ADF2 /* Tests_iOSLaunchTests.swift */; };
		7EAAFFE22739DD7600F3ADF2 /* TaxiApp.swift in Sources */ = {isa = PBXBuildFile; fileRef = 7EAAFFBA2739DD7400F3ADF2 /* TaxiApp.swift */; };
		7EAAFFE62739DD7600F3ADF2 /* Assets.xcassets in Resources */ = {isa = PBXBuildFile; fileRef = 7EAAFFBC2739DD7600F3ADF2 /* Assets.xcassets */; };
/* End PBXBuildFile section */

/* Begin PBXContainerItemProxy section */
		7EAAFFCF2739DD7600F3ADF2 /* PBXContainerItemProxy */ = {
			isa = PBXContainerItemProxy;
			containerPortal = 7EAAFFB52739DD7400F3ADF2 /* Project object */;
			proxyType = 1;
			remoteGlobalIDString = 7EAAFFC02739DD7600F3ADF2;
			remoteInfo = "Taxi (iOS)";
		};
/* End PBXContainerItemProxy section */

/* Begin PBXFileReference section */
		7E076EF72739F43C00E85251 /* Taxi--iOS--Info.plist */ = {isa = PBXFileReference; lastKnownFileType = text.plist; path = "Taxi--iOS--Info.plist"; sourceTree = "<group>"; };
		7E076EF82739F67D00E85251 /* Auth0.plist */ = {isa = PBXFileReference; lastKnownFileType = text.plist.xml; path = Auth0.plist; sourceTree = "<group>"; };
		7EA9B4B62739E32600DA2408 /* LoginView.swift */ = {isa = PBXFileReference; lastKnownFileType = sourcecode.swift; path = LoginView.swift; sourceTree = "<group>"; };
		7EAAFFBA2739DD7400F3ADF2 /* TaxiApp.swift */ = {isa = PBXFileReference; lastKnownFileType = sourcecode.swift; path = TaxiApp.swift; sourceTree = "<group>"; };
		7EAAFFBC2739DD7600F3ADF2 /* Assets.xcassets */ = {isa = PBXFileReference; lastKnownFileType = folder.assetcatalog; path = Assets.xcassets; sourceTree = "<group>"; };
		7EAAFFC12739DD7600F3ADF2 /* Taxi.app */ = {isa = PBXFileReference; explicitFileType = wrapper.application; includeInIndex = 0; path = Taxi.app; sourceTree = BUILT_PRODUCTS_DIR; };
		7EAAFFCE2739DD7600F3ADF2 /* Tests iOS.xctest */ = {isa = PBXFileReference; explicitFileType = wrapper.cfbundle; includeInIndex = 0; path = "Tests iOS.xctest"; sourceTree = BUILT_PRODUCTS_DIR; };
		7EAAFFD22739DD7600F3ADF2 /* Tests_iOS.swift */ = {isa = PBXFileReference; lastKnownFileType = sourcecode.swift; path = Tests_iOS.swift; sourceTree = "<group>"; };
		7EAAFFD42739DD7600F3ADF2 /* Tests_iOSLaunchTests.swift */ = {isa = PBXFileReference; lastKnownFileType = sourcecode.swift; path = Tests_iOSLaunchTests.swift; sourceTree = "<group>"; };
/* End PBXFileReference section */

/* Begin PBXFrameworksBuildPhase section */
		7EAAFFBE2739DD7600F3ADF2 /* Frameworks */ = {
			isa = PBXFrameworksBuildPhase;
			buildActionMask = 2147483647;
			files = (
				7EA9B4B32739E29300DA2408 /* Auth0 in Frameworks */,
			);
			runOnlyForDeploymentPostprocessing = 0;
		};
		7EAAFFCB2739DD7600F3ADF2 /* Frameworks */ = {
			isa = PBXFrameworksBuildPhase;
			buildActionMask = 2147483647;
			files = (
			);
			runOnlyForDeploymentPostprocessing = 0;
		};
/* End PBXFrameworksBuildPhase section */

/* Begin PBXGroup section */
		7EA9B4B02739E20100DA2408 /* User */ = {
			isa = PBXGroup;
			children = (
				7EA9B4B62739E32600DA2408 /* LoginView.swift */,
			);
			path = User;
			sourceTree = "<group>";
		};
		7EAAFFB42739DD7400F3ADF2 = {
			isa = PBXGroup;
			children = (
				7E076EF82739F67D00E85251 /* Auth0.plist */,
				7E076EF72739F43C00E85251 /* Taxi--iOS--Info.plist */,
				7EAAFFB92739DD7400F3ADF2 /* Shared */,
				7EAAFFD12739DD7600F3ADF2 /* Tests iOS */,
				7EAAFFC22739DD7600F3ADF2 /* Products */,
			);
			sourceTree = "<group>";
		};
		7EAAFFB92739DD7400F3ADF2 /* Shared */ = {
			isa = PBXGroup;
			children = (
				7EA9B4B02739E20100DA2408 /* User */,
				7EAAFFBA2739DD7400F3ADF2 /* TaxiApp.swift */,
				7EAAFFBC2739DD7600F3ADF2 /* Assets.xcassets */,
			);
			path = Shared;
			sourceTree = "<group>";
		};
		7EAAFFC22739DD7600F3ADF2 /* Products */ = {
			isa = PBXGroup;
			children = (
				7EAAFFC12739DD7600F3ADF2 /* Taxi.app */,
				7EAAFFCE2739DD7600F3ADF2 /* Tests iOS.xctest */,
			);
			name = Products;
			sourceTree = "<group>";
		};
		7EAAFFD12739DD7600F3ADF2 /* Tests iOS */ = {
			isa = PBXGroup;
			children = (
				7EAAFFD22739DD7600F3ADF2 /* Tests_iOS.swift */,
				7EAAFFD42739DD7600F3ADF2 /* Tests_iOSLaunchTests.swift */,
			);
			path = "Tests iOS";
			sourceTree = "<group>";
		};
/* End PBXGroup section */

/* Begin PBXNativeTarget section */
		7EAAFFC02739DD7600F3ADF2 /* Taxi (iOS) */ = {
			isa = PBXNativeTarget;
			buildConfigurationList = 7EAAFFEA2739DD7600F3ADF2 /* Build configuration list for PBXNativeTarget "Taxi (iOS)" */;
			buildPhases = (
				7EAAFFBD2739DD7600F3ADF2 /* Sources */,
				7EAAFFBE2739DD7600F3ADF2 /* Frameworks */,
				7EAAFFBF2739DD7600F3ADF2 /* Resources */,
			);
			buildRules = (
			);
			dependencies = (
			);
			name = "Taxi (iOS)";
			packageProductDependencies = (
				7EA9B4B22739E29300DA2408 /* Auth0 */,
			);
			productName = "Taxi (iOS)";
			productReference = 7EAAFFC12739DD7600F3ADF2 /* Taxi.app */;
			productType = "com.apple.product-type.application";
		};
		7EAAFFCD2739DD7600F3ADF2 /* Tests iOS */ = {
			isa = PBXNativeTarget;
			buildConfigurationList = 7EAAFFF02739DD7600F3ADF2 /* Build configuration list for PBXNativeTarget "Tests iOS" */;
			buildPhases = (
				7EAAFFCA2739DD7600F3ADF2 /* Sources */,
				7EAAFFCB2739DD7600F3ADF2 /* Frameworks */,
				7EAAFFCC2739DD7600F3ADF2 /* Resources */,
			);
			buildRules = (
			);
			dependencies = (
				7EAAFFD02739DD7600F3ADF2 /* PBXTargetDependency */,
			);
			name = "Tests iOS";
			productName = "Tests iOS";
			productReference = 7EAAFFCE2739DD7600F3ADF2 /* Tests iOS.xctest */;
			productType = "com.apple.product-type.bundle.ui-testing";
		};
/* End PBXNativeTarget section */

/* Begin PBXProject section */
		7EAAFFB52739DD7400F3ADF2 /* Project object */ = {
			isa = PBXProject;
			attributes = {
				BuildIndependentTargetsInParallel = 1;
				LastSwiftUpdateCheck = 1310;
				LastUpgradeCheck = 1310;
				TargetAttributes = {
					7EAAFFC02739DD7600F3ADF2 = {
						CreatedOnToolsVersion = 13.1;
					};
					7EAAFFCD2739DD7600F3ADF2 = {
						CreatedOnToolsVersion = 13.1;
						TestTargetID = 7EAAFFC02739DD7600F3ADF2;
					};
				};
			};
			buildConfigurationList = 7EAAFFB82739DD7400F3ADF2 /* Build configuration list for PBXProject "Taxi" */;
			compatibilityVersion = "Xcode 13.0";
			developmentRegion = en;
			hasScannedForEncodings = 0;
			knownRegions = (
				en,
				Base,
				"bg-BG",
			);
			mainGroup = 7EAAFFB42739DD7400F3ADF2;
			packageReferences = (
				7EA9B4B12739E29300DA2408 /* XCRemoteSwiftPackageReference "Auth0.swift" */,
			);
			productRefGroup = 7EAAFFC22739DD7600F3ADF2 /* Products */;
			projectDirPath = "";
			projectRoot = "";
			targets = (
				7EAAFFC02739DD7600F3ADF2 /* Taxi (iOS) */,
				7EAAFFCD2739DD7600F3ADF2 /* Tests iOS */,
			);
		};
/* End PBXProject section */

/* Begin PBXResourcesBuildPhase section */
		7EAAFFBF2739DD7600F3ADF2 /* Resources */ = {
			isa = PBXResourcesBuildPhase;
			buildActionMask = 2147483647;
			files = (
				7E076EF92739F7DA00E85251 /* Auth0.plist in Resources */,
				7EAAFFE62739DD7600F3ADF2 /* Assets.xcassets in Resources */,
			);
			runOnlyForDeploymentPostprocessing = 0;
		};
		7EAAFFCC2739DD7600F3ADF2 /* Resources */ = {
			isa = PBXResourcesBuildPhase;
			buildActionMask = 2147483647;
			files = (
			);
			runOnlyForDeploymentPostprocessing = 0;
		};
/* End PBXResourcesBuildPhase section */

/* Begin PBXSourcesBuildPhase section */
		7EAAFFBD2739DD7600F3ADF2 /* Sources */ = {
			isa = PBXSourcesBuildPhase;
			buildActionMask = 2147483647;
			files = (
				7EA9B4B72739E32600DA2408 /* LoginView.swift in Sources */,
				7EAAFFE22739DD7600F3ADF2 /* TaxiApp.swift in Sources */,
			);
			runOnlyForDeploymentPostprocessing = 0;
		};
		7EAAFFCA2739DD7600F3ADF2 /* Sources */ = {
			isa = PBXSourcesBuildPhase;
			buildActionMask = 2147483647;
			files = (
				7EAAFFD52739DD7600F3ADF2 /* Tests_iOSLaunchTests.swift in Sources */,
				7EAAFFD32739DD7600F3ADF2 /* Tests_iOS.swift in Sources */,
			);
			runOnlyForDeploymentPostprocessing = 0;
		};
/* End PBXSourcesBuildPhase section */

/* Begin PBXTargetDependency section */
		7EAAFFD02739DD7600F3ADF2 /* PBXTargetDependency */ = {
			isa = PBXTargetDependency;
			target = 7EAAFFC02739DD7600F3ADF2 /* Taxi (iOS) */;
			targetProxy = 7EAAFFCF2739DD7600F3ADF2 /* PBXContainerItemProxy */;
		};
/* End PBXTargetDependency section */

/* Begin XCBuildConfiguration section */
		7EAAFFE82739DD7600F3ADF2 /* Debug */ = {
			isa = XCBuildConfiguration;
			buildSettings = {
				ALWAYS_SEARCH_USER_PATHS = NO;
				CLANG_ANALYZER_NONNULL = YES;
				CLANG_ANALYZER_NUMBER_OBJECT_CONVERSION = YES_AGGRESSIVE;
				CLANG_CXX_LANGUAGE_STANDARD = "gnu++17";
				CLANG_CXX_LIBRARY = "libc++";
				CLANG_ENABLE_MODULES = YES;
				CLANG_ENABLE_OBJC_ARC = YES;
				CLANG_ENABLE_OBJC_WEAK = YES;
				CLANG_WARN_BLOCK_CAPTURE_AUTORELEASING = YES;
				CLANG_WARN_BOOL_CONVERSION = YES;
				CLANG_WARN_COMMA = YES;
				CLANG_WARN_CONSTANT_CONVERSION = YES;
				CLANG_WARN_DEPRECATED_OBJC_IMPLEMENTATIONS = YES;
				CLANG_WARN_DIRECT_OBJC_ISA_USAGE = YES_ERROR;
				CLANG_WARN_DOCUMENTATION_COMMENTS = YES;
				CLANG_WARN_EMPTY_BODY = YES;
				CLANG_WARN_ENUM_CONVERSION = YES;
				CLANG_WARN_INFINITE_RECURSION = YES;
				CLANG_WARN_INT_CONVERSION = YES;
				CLANG_WARN_NON_LITERAL_NULL_CONVERSION = YES;
				CLANG_WARN_OBJC_IMPLICIT_RETAIN_SELF = YES;
				CLANG_WARN_OBJC_LITERAL_CONVERSION = YES;
				CLANG_WARN_OBJC_ROOT_CLASS = YES_ERROR;
				CLANG_WARN_QUOTED_INCLUDE_IN_FRAMEWORK_HEADER = YES;
				CLANG_WARN_RANGE_LOOP_ANALYSIS = YES;
				CLANG_WARN_STRICT_PROTOTYPES = YES;
				CLANG_WARN_SUSPICIOUS_MOVE = YES;
				CLANG_WARN_UNGUARDED_AVAILABILITY = YES_AGGRESSIVE;
				CLANG_WARN_UNREACHABLE_CODE = YES;
				CLANG_WARN__DUPLICATE_METHOD_MATCH = YES;
				COPY_PHASE_STRIP = NO;
				DEBUG_INFORMATION_FORMAT = dwarf;
				ENABLE_STRICT_OBJC_MSGSEND = YES;
				ENABLE_TESTABILITY = YES;
				GCC_C_LANGUAGE_STANDARD = gnu11;
				GCC_DYNAMIC_NO_PIC = NO;
				GCC_NO_COMMON_BLOCKS = YES;
				GCC_OPTIMIZATION_LEVEL = 0;
				GCC_PREPROCESSOR_DEFINITIONS = (
					"DEBUG=1",
					"$(inherited)",
				);
				GCC_WARN_64_TO_32_BIT_CONVERSION = YES;
				GCC_WARN_ABOUT_RETURN_TYPE = YES_ERROR;
				GCC_WARN_UNDECLARED_SELECTOR = YES;
				GCC_WARN_UNINITIALIZED_AUTOS = YES_AGGRESSIVE;
				GCC_WARN_UNUSED_FUNCTION = YES;
				GCC_WARN_UNUSED_VARIABLE = YES;
				IPHONEOS_DEPLOYMENT_TARGET = 15.0;
				MACOSX_DEPLOYMENT_TARGET = 12.0;
				ONLY_ACTIVE_ARCH = YES;
				SDKROOT = iphoneos;
				SUPPORTED_PLATFORMS = "iphonesimulator iphoneos";
				SWIFT_ACTIVE_COMPILATION_CONDITIONS = DEBUG;
				SWIFT_OPTIMIZATION_LEVEL = "-Onone";
			};
			name = Debug;
		};
		7EAAFFE92739DD7600F3ADF2 /* Release */ = {
			isa = XCBuildConfiguration;
			buildSettings = {
				ALWAYS_SEARCH_USER_PATHS = NO;
				CLANG_ANALYZER_NONNULL = YES;
				CLANG_ANALYZER_NUMBER_OBJECT_CONVERSION = YES_AGGRESSIVE;
				CLANG_CXX_LANGUAGE_STANDARD = "gnu++17";
				CLANG_CXX_LIBRARY = "libc++";
				CLANG_ENABLE_MODULES = YES;
				CLANG_ENABLE_OBJC_ARC = YES;
				CLANG_ENABLE_OBJC_WEAK = YES;
				CLANG_WARN_BLOCK_CAPTURE_AUTORELEASING = YES;
				CLANG_WARN_BOOL_CONVERSION = YES;
				CLANG_WARN_COMMA = YES;
				CLANG_WARN_CONSTANT_CONVERSION = YES;
				CLANG_WARN_DEPRECATED_OBJC_IMPLEMENTATIONS = YES;
				CLANG_WARN_DIRECT_OBJC_ISA_USAGE = YES_ERROR;
				CLANG_WARN_DOCUMENTATION_COMMENTS = YES;
				CLANG_WARN_EMPTY_BODY = YES;
				CLANG_WARN_ENUM_CONVERSION = YES;
				CLANG_WARN_INFINITE_RECURSION = YES;
				CLANG_WARN_INT_CONVERSION = YES;
				CLANG_WARN_NON_LITERAL_NULL_CONVERSION = YES;
				CLANG_WARN_OBJC_IMPLICIT_RETAIN_SELF = YES;
				CLANG_WARN_OBJC_LITERAL_CONVERSION = YES;
				CLANG_WARN_OBJC_ROOT_CLASS = YES_ERROR;
				CLANG_WARN_QUOTED_INCLUDE_IN_FRAMEWORK_HEADER = YES;
				CLANG_WARN_RANGE_LOOP_ANALYSIS = YES;
				CLANG_WARN_STRICT_PROTOTYPES = YES;
				CLANG_WARN_SUSPICIOUS_MOVE = YES;
				CLANG_WARN_UNGUARDED_AVAILABILITY = YES_AGGRESSIVE;
				CLANG_WARN_UNREACHABLE_CODE = YES;
				CLANG_WARN__DUPLICATE_METHOD_MATCH = YES;
				COPY_PHASE_STRIP = NO;
				DEBUG_INFORMATION_FORMAT = "dwarf-with-dsym";
				ENABLE_NS_ASSERTIONS = NO;
				ENABLE_STRICT_OBJC_MSGSEND = YES;
				GCC_C_LANGUAGE_STANDARD = gnu11;
				GCC_NO_COMMON_BLOCKS = YES;
				GCC_WARN_64_TO_32_BIT_CONVERSION = YES;
				GCC_WARN_ABOUT_RETURN_TYPE = YES_ERROR;
				GCC_WARN_UNDECLARED_SELECTOR = YES;
				GCC_WARN_UNINITIALIZED_AUTOS = YES_AGGRESSIVE;
				GCC_WARN_UNUSED_FUNCTION = YES;
				GCC_WARN_UNUSED_VARIABLE = YES;
				IPHONEOS_DEPLOYMENT_TARGET = 15.0;
				MACOSX_DEPLOYMENT_TARGET = 12.0;
				SDKROOT = iphoneos;
				SUPPORTED_PLATFORMS = "iphonesimulator iphoneos";
				SWIFT_COMPILATION_MODE = wholemodule;
				SWIFT_OPTIMIZATION_LEVEL = "-O";
			};
			name = Release;
		};
		7EAAFFEB2739DD7600F3ADF2 /* Debug */ = {
			isa = XCBuildConfiguration;
			buildSettings = {
				ASSETCATALOG_COMPILER_APPICON_NAME = AppIcon;
				ASSETCATALOG_COMPILER_GLOBAL_ACCENT_COLOR_NAME = AccentColor;
				CODE_SIGN_STYLE = Automatic;
				CURRENT_PROJECT_VERSION = 1;
				DEVELOPMENT_TEAM = 9ZYAQZ7TWL;
				ENABLE_PREVIEWS = YES;
				GENERATE_INFOPLIST_FILE = YES;
				INFOPLIST_FILE = "Taxi--iOS--Info.plist";
				INFOPLIST_KEY_UIApplicationSceneManifest_Generation = YES;
				INFOPLIST_KEY_UIApplicationSupportsIndirectInputEvents = YES;
				INFOPLIST_KEY_UILaunchScreen_Generation = YES;
				INFOPLIST_KEY_UISupportedInterfaceOrientations_iPad = "UIInterfaceOrientationPortrait UIInterfaceOrientationPortraitUpsideDown UIInterfaceOrientationLandscapeLeft UIInterfaceOrientationLandscapeRight";
				INFOPLIST_KEY_UISupportedInterfaceOrientations_iPhone = "UIInterfaceOrientationPortrait UIInterfaceOrientationLandscapeLeft UIInterfaceOrientationLandscapeRight";
				IPHONEOS_DEPLOYMENT_TARGET = 15.0;
				LD_RUNPATH_SEARCH_PATHS = (
					"$(inherited)",
					"@executable_path/Frameworks",
				);
				MARKETING_VERSION = 1.0;
				PRODUCT_BUNDLE_IDENTIFIER = Knock.Taxi;
				PRODUCT_NAME = Taxi;
				SDKROOT = iphoneos;
				SWIFT_EMIT_LOC_STRINGS = YES;
				SWIFT_VERSION = 5.0;
				TARGETED_DEVICE_FAMILY = 1;
			};
			name = Debug;
		};
		7EAAFFEC2739DD7600F3ADF2 /* Release */ = {
			isa = XCBuildConfiguration;
			buildSettings = {
				ASSETCATALOG_COMPILER_APPICON_NAME = AppIcon;
				ASSETCATALOG_COMPILER_GLOBAL_ACCENT_COLOR_NAME = AccentColor;
				CODE_SIGN_STYLE = Automatic;
				CURRENT_PROJECT_VERSION = 1;
				DEVELOPMENT_TEAM = 9ZYAQZ7TWL;
				ENABLE_PREVIEWS = YES;
				GENERATE_INFOPLIST_FILE = YES;
				INFOPLIST_FILE = "Taxi--iOS--Info.plist";
				INFOPLIST_KEY_UIApplicationSceneManifest_Generation = YES;
				INFOPLIST_KEY_UIApplicationSupportsIndirectInputEvents = YES;
				INFOPLIST_KEY_UILaunchScreen_Generation = YES;
				INFOPLIST_KEY_UISupportedInterfaceOrientations_iPad = "UIInterfaceOrientationPortrait UIInterfaceOrientationPortraitUpsideDown UIInterfaceOrientationLandscapeLeft UIInterfaceOrientationLandscapeRight";
				INFOPLIST_KEY_UISupportedInterfaceOrientations_iPhone = "UIInterfaceOrientationPortrait UIInterfaceOrientationLandscapeLeft UIInterfaceOrientationLandscapeRight";
				IPHONEOS_DEPLOYMENT_TARGET = 15.0;
				LD_RUNPATH_SEARCH_PATHS = (
					"$(inherited)",
					"@executable_path/Frameworks",
				);
				MARKETING_VERSION = 1.0;
				PRODUCT_BUNDLE_IDENTIFIER = Knock.Taxi;
				PRODUCT_NAME = Taxi;
				SDKROOT = iphoneos;
				SWIFT_EMIT_LOC_STRINGS = YES;
				SWIFT_VERSION = 5.0;
				TARGETED_DEVICE_FAMILY = 1;
				VALIDATE_PRODUCT = YES;
			};
			name = Release;
		};
		7EAAFFF12739DD7600F3ADF2 /* Debug */ = {
			isa = XCBuildConfiguration;
			buildSettings = {
				ALWAYS_EMBED_SWIFT_STANDARD_LIBRARIES = YES;
				CODE_SIGN_STYLE = Automatic;
				CURRENT_PROJECT_VERSION = 1;
				DEVELOPMENT_TEAM = 9ZYAQZ7TWL;
				GENERATE_INFOPLIST_FILE = YES;
				IPHONEOS_DEPLOYMENT_TARGET = 15.0;
				LD_RUNPATH_SEARCH_PATHS = (
					"$(inherited)",
					"@executable_path/Frameworks",
					"@loader_path/Frameworks",
				);
				MARKETING_VERSION = 1.0;
				PRODUCT_BUNDLE_IDENTIFIER = "Knock.Tests-iOS";
				PRODUCT_NAME = "$(TARGET_NAME)";
				SDKROOT = iphoneos;
				SWIFT_EMIT_LOC_STRINGS = NO;
				SWIFT_VERSION = 5.0;
				TARGETED_DEVICE_FAMILY = "1,2";
				TEST_TARGET_NAME = "Taxi (iOS)";
			};
			name = Debug;
		};
		7EAAFFF22739DD7600F3ADF2 /* Release */ = {
			isa = XCBuildConfiguration;
			buildSettings = {
				ALWAYS_EMBED_SWIFT_STANDARD_LIBRARIES = YES;
				CODE_SIGN_STYLE = Automatic;
				CURRENT_PROJECT_VERSION = 1;
				DEVELOPMENT_TEAM = 9ZYAQZ7TWL;
				GENERATE_INFOPLIST_FILE = YES;
				IPHONEOS_DEPLOYMENT_TARGET = 15.0;
				LD_RUNPATH_SEARCH_PATHS = (
					"$(inherited)",
					"@executable_path/Frameworks",
					"@loader_path/Frameworks",
				);
				MARKETING_VERSION = 1.0;
				PRODUCT_BUNDLE_IDENTIFIER = "Knock.Tests-iOS";
				PRODUCT_NAME = "$(TARGET_NAME)";
				SDKROOT = iphoneos;
				SWIFT_EMIT_LOC_STRINGS = NO;
				SWIFT_VERSION = 5.0;
				TARGETED_DEVICE_FAMILY = "1,2";
				TEST_TARGET_NAME = "Taxi (iOS)";
				VALIDATE_PRODUCT = YES;
			};
			name = Release;
		};
/* End XCBuildConfiguration section */

/* Begin XCConfigurationList section */
		7EAAFFB82739DD7400F3ADF2 /* Build configuration list for PBXProject "Taxi" */ = {
			isa = XCConfigurationList;
			buildConfigurations = (
				7EAAFFE82739DD7600F3ADF2 /* Debug */,
				7EAAFFE92739DD7600F3ADF2 /* Release */,
			);
			defaultConfigurationIsVisible = 0;
			defaultConfigurationName = Release;
		};
		7EAAFFEA2739DD7600F3ADF2 /* Build configuration list for PBXNativeTarget "Taxi (iOS)" */ = {
			isa = XCConfigurationList;
			buildConfigurations = (
				7EAAFFEB2739DD7600F3ADF2 /* Debug */,
				7EAAFFEC2739DD7600F3ADF2 /* Release */,
			);
			defaultConfigurationIsVisible = 0;
			defaultConfigurationName = Release;
		};
		7EAAFFF02739DD7600F3ADF2 /* Build configuration list for PBXNativeTarget "Tests iOS" */ = {
			isa = XCConfigurationList;
			buildConfigurations = (
				7EAAFFF12739DD7600F3ADF2 /* Debug */,
				7EAAFFF22739DD7600F3ADF2 /* Release */,
			);
			defaultConfigurationIsVisible = 0;
			defaultConfigurationName = Release;
		};
/* End XCConfigurationList section */

/* Begin XCRemoteSwiftPackageReference section */
		7EA9B4B12739E29300DA2408 /* XCRemoteSwiftPackageReference "Auth0.swift" */ = {
			isa = XCRemoteSwiftPackageReference;
			repositoryURL = "https://github.com/auth0/Auth0.swift.git";
			requirement = {
				kind = upToNextMajorVersion;
				minimumVersion = 1.0.0;
			};
		};
/* End XCRemoteSwiftPackageReference section */

/* Begin XCSwiftPackageProductDependency section */
		7EA9B4B22739E29300DA2408 /* Auth0 */ = {
			isa = XCSwiftPackageProductDependency;
			package = 7EA9B4B12739E29300DA2408 /* XCRemoteSwiftPackageReference "Auth0.swift" */;
			productName = Auth0;
		};
/* End XCSwiftPackageProductDependency section */
	};
	rootObject = 7EAAFFB52739DD7400F3ADF2 /* Project object */;
}
